{
  "name": "mwc-forms-util",
  "version": "1.0.0",
  "lockfileVersion": 1,
  "requires": true,
  "dependencies": {
    "@material/animation": {
      "version": "5.0.0-canary.1c494e567.0",
      "resolved": "https://registry.npmjs.org/@material/animation/-/animation-5.0.0-canary.1c494e567.0.tgz",
      "integrity": "sha512-reEvoJue3XYRTZaNmVOj+1l41w1N8ix7KgzICHSR7d474G0VHQPp9v6ylvvB/QUsyew3xcE7YaqTSdP67nA54A==",
      "requires": {
        "tslib": "^1.9.3"
      }
    },
    "@material/base": {
      "version": "5.0.0-canary.1c494e567.0",
      "resolved": "https://registry.npmjs.org/@material/base/-/base-5.0.0-canary.1c494e567.0.tgz",
      "integrity": "sha512-K23UTOxLrbEqAkbKb0aYSkLJ4L8d6vSlzx908iGTho9ybFLUcamRvQfav0mgpACmlPIxwrkbN40KAzGApTt4Gw==",
      "requires": {
        "tslib": "^1.9.3"
      }
    },
    "@material/checkbox": {
      "version": "5.0.0-canary.1c494e567.0",
      "resolved": "https://registry.npmjs.org/@material/checkbox/-/checkbox-5.0.0-canary.1c494e567.0.tgz",
      "integrity": "sha512-bfQ3k4QHs6OW4GJ6Sr7faNtZ5BRswnuzxvSlWlWK0SxcFKoxLgJYWcwlg+9SLHWoSfYkiHpodccLhOfHrJAd5A==",
      "requires": {
        "@material/animation": "5.0.0-canary.1c494e567.0",
        "@material/base": "5.0.0-canary.1c494e567.0",
        "@material/density": "5.0.0-canary.1c494e567.0",
        "@material/dom": "5.0.0-canary.1c494e567.0",
        "@material/feature-targeting": "5.0.0-canary.1c494e567.0",
        "@material/ripple": "5.0.0-canary.1c494e567.0",
        "@material/theme": "5.0.0-canary.1c494e567.0",
        "@material/touch-target": "5.0.0-canary.1c494e567.0",
        "tslib": "^1.9.3"
      }
    },
    "@material/density": {
      "version": "5.0.0-canary.1c494e567.0",
      "resolved": "https://registry.npmjs.org/@material/density/-/density-5.0.0-canary.1c494e567.0.tgz",
      "integrity": "sha512-nwuOgSpIPrPxV3Kk3lR9L2fX/s0KPYOEgMBHDh6bCqCU7CE8DDntlkmbravBOHg0SpEQ7/3kUz5c+fHSLwX2yw=="
    },
    "@material/dom": {
      "version": "5.0.0-canary.1c494e567.0",
      "resolved": "https://registry.npmjs.org/@material/dom/-/dom-5.0.0-canary.1c494e567.0.tgz",
      "integrity": "sha512-O4GDLRXFA9PJbTfkqEhuI+Yow6dKHiDLdDDNX366rLpbpPyOXrblOW7WVRhLE+L/iuocdPqNYs9sUKQMiW75UQ==",
      "requires": {
        "tslib": "^1.9.3"
      }
    },
    "@material/feature-targeting": {
      "version": "5.0.0-canary.1c494e567.0",
      "resolved": "https://registry.npmjs.org/@material/feature-targeting/-/feature-targeting-5.0.0-canary.1c494e567.0.tgz",
      "integrity": "sha512-Ti3CIVLJMXmTZsZjtUeAP2sdAb9nNTHK7EIdLLZjcrYe2GexWtJPS//AXDK7PDkBj7kYqIP7xUdUGfVYSz+g4Q=="
    },
    "@material/floating-label": {
      "version": "5.0.0-canary.1c494e567.0",
      "resolved": "https://registry.npmjs.org/@material/floating-label/-/floating-label-5.0.0-canary.1c494e567.0.tgz",
      "integrity": "sha512-/L3qjAcwMJ5OUj3dACnQ44QlYVOTrrCE23YxbOuPgVQs+rD7KcE/CezDYYO32V8PkP+ZwIZ1ZeWcguURUPdJdw==",
      "requires": {
        "@material/animation": "5.0.0-canary.1c494e567.0",
        "@material/base": "5.0.0-canary.1c494e567.0",
        "@material/rtl": "5.0.0-canary.1c494e567.0",
        "@material/theme": "5.0.0-canary.1c494e567.0",
        "@material/typography": "5.0.0-canary.1c494e567.0",
        "tslib": "^1.9.3"
      }
    },
    "@material/form-field": {
      "version": "5.0.0-canary.1c494e567.0",
      "resolved": "https://registry.npmjs.org/@material/form-field/-/form-field-5.0.0-canary.1c494e567.0.tgz",
      "integrity": "sha512-SUB58157HjfsbvSEC46QtyL/noqUxOYRY4qgEUxmfeXpljduch82694eH7LW7XxLK+js8e37JzJex2vI4/d9Dw==",
      "requires": {
        "@material/base": "5.0.0-canary.1c494e567.0",
        "@material/feature-targeting": "5.0.0-canary.1c494e567.0",
        "@material/ripple": "5.0.0-canary.1c494e567.0",
        "@material/rtl": "5.0.0-canary.1c494e567.0",
        "@material/theme": "5.0.0-canary.1c494e567.0",
        "@material/typography": "5.0.0-canary.1c494e567.0",
        "tslib": "^1.9.3"
      }
    },
    "@material/line-ripple": {
      "version": "5.0.0-canary.1c494e567.0",
      "resolved": "https://registry.npmjs.org/@material/line-ripple/-/line-ripple-5.0.0-canary.1c494e567.0.tgz",
      "integrity": "sha512-N524EWLkEEcxbh7qAyVxJDjWhYkqKkcovK3KvcvGZk+XfHwAHgkzT/iPGLot6LAo5IwdXei/E4ZOjsGpOUpwQQ==",
      "requires": {
        "@material/animation": "5.0.0-canary.1c494e567.0",
        "@material/base": "5.0.0-canary.1c494e567.0",
        "@material/theme": "5.0.0-canary.1c494e567.0",
        "tslib": "^1.9.3"
      }
    },
    "@material/mwc-base": {
      "version": "0.12.0",
      "resolved": "https://registry.npmjs.org/@material/mwc-base/-/mwc-base-0.12.0.tgz",
      "integrity": "sha512-JjhZbzrs6WM9Gjo6IIsdMXORh4F4BTESa+SnV4lqhpfBdDJhWcADvPD9WrU23MS3p+/f/1SzUrRKyQ9dfumCSw==",
      "requires": {
        "@material/base": "=5.0.0-canary.1c494e567.0",
        "@material/dom": "=5.0.0-canary.1c494e567.0",
        "@material/ripple": "=5.0.0-canary.1c494e567.0",
        "lit-element": "^2.2.1",
        "tslib": "^1.10.0"
      }
    },
    "@material/mwc-checkbox": {
      "version": "0.12.0",
      "resolved": "https://registry.npmjs.org/@material/mwc-checkbox/-/mwc-checkbox-0.12.0.tgz",
      "integrity": "sha512-7fAA5qI+dvFk/e5FZqIu4IS8RzgTq5JQQLM6YwSzihuMajamWTph7aTaHcO2PFxfwr9ES/RAnLZsva1/MCIdVQ==",
      "requires": {
        "@material/checkbox": "=5.0.0-canary.1c494e567.0",
        "@material/mwc-base": "^0.12.0",
        "@material/mwc-ripple": "^0.12.0",
        "lit-element": "^2.2.1",
        "tslib": "^1.10.0"
      }
    },
    "@material/mwc-floating-label": {
      "version": "0.12.0",
      "resolved": "https://registry.npmjs.org/@material/mwc-floating-label/-/mwc-floating-label-0.12.0.tgz",
      "integrity": "sha512-8YSJOfdMrTNOdmlt99XUjB3qi30A7wMatQigfFrX0ck9hiHgJEKixy3m3wPUtQvdu0BknjB7P8n2cBMdL0qh9A==",
      "requires": {
        "@material/floating-label": "=5.0.0-canary.1c494e567.0",
        "lit-element": "^2.2.1",
        "lit-html": "^1.1.2",
        "tslib": "^1.10.0"
      }
    },
    "@material/mwc-formfield": {
      "version": "0.12.0",
      "resolved": "https://registry.npmjs.org/@material/mwc-formfield/-/mwc-formfield-0.12.0.tgz",
      "integrity": "sha512-iyT8W327L+MBMRwEBNFlYf5vGpiRH9sbujz0FOEOlpHpBiXGcDazKULt4EHdDkb+zbTtZrZsUw6LskOwfOLzbg==",
      "requires": {
        "@material/form-field": "=5.0.0-canary.1c494e567.0",
        "@material/mwc-base": "^0.12.0",
        "lit-element": "^2.2.1",
        "lit-html": "^1.1.2",
        "tslib": "^1.10.0"
      }
    },
    "@material/mwc-icon": {
      "version": "0.12.0",
      "resolved": "https://registry.npmjs.org/@material/mwc-icon/-/mwc-icon-0.12.0.tgz",
      "integrity": "sha512-MTy0O0d90SwYEDSGaHCU/SlIuCKTqnBxX8w5bzXL1QggemxT+NZudiFkRnStiAdp4e4C2WdGDR4WFAjzKPAO/g==",
      "requires": {
        "@material/mwc-base": "^0.12.0",
        "lit-element": "^2.2.1",
        "tslib": "^1.10.0"
      }
    },
    "@material/mwc-line-ripple": {
      "version": "0.12.0",
      "resolved": "https://registry.npmjs.org/@material/mwc-line-ripple/-/mwc-line-ripple-0.12.0.tgz",
      "integrity": "sha512-srEC+2wh4hjAx2wqfr7189OGjiAcJhbsbHPJYFBye52duxwjccgWVb87P5oXNP28tHXTVsWT6cdZcUFKHSTbng==",
      "requires": {
        "@material/line-ripple": "=5.0.0-canary.1c494e567.0",
        "lit-element": "^2.2.1",
        "lit-html": "^1.1.2",
        "tslib": "^1.10.0"
      }
    },
    "@material/mwc-notched-outline": {
      "version": "0.12.0",
      "resolved": "https://registry.npmjs.org/@material/mwc-notched-outline/-/mwc-notched-outline-0.12.0.tgz",
      "integrity": "sha512-u8FfrEuz0LD5bpr8yyboFJqccUz8f+KZUH14Xfsdrd2m3XhTSWcsXOlY/xJrngZXZNQpuLlgPCQmIu0Jgejjsg==",
      "requires": {
        "@material/mwc-base": "^0.12.0",
        "@material/notched-outline": "=5.0.0-canary.1c494e567.0",
        "@material/shape": "=5.0.0-canary.1c494e567.0",
        "@material/theme": "=5.0.0-canary.1c494e567.0",
        "lit-element": "^2.2.1",
        "tslib": "^1.10.0"
      }
    },
    "@material/mwc-ripple": {
      "version": "0.12.0",
      "resolved": "https://registry.npmjs.org/@material/mwc-ripple/-/mwc-ripple-0.12.0.tgz",
      "integrity": "sha512-wqYnV8xAfSU8oZ/TmZ64C1HL7xRSdnsTaqc3HzvhVMoIlqtCZj/dmn2QkBcMMfz4YVCM/q+PGVojnYeLH3JrKA==",
      "requires": {
        "@material/dom": "=5.0.0-canary.1c494e567.0",
        "@material/mwc-base": "^0.12.0",
        "@material/ripple": "=5.0.0-canary.1c494e567.0",
        "lit-element": "^2.2.1",
        "lit-html": "^1.1.2",
        "tslib": "^1.10.0"
      }
    },
    "@material/mwc-textarea": {
      "version": "0.12.0",
      "resolved": "https://registry.npmjs.org/@material/mwc-textarea/-/mwc-textarea-0.12.0.tgz",
      "integrity": "sha512-53LLve3jAR1ScsRXSG5p9A1lX0nxOa8Me0gLsoGsyASrFEaniTy401GVJnbP5WnWs0fQB4w6Y2aEM9CVmqGf6w==",
      "requires": {
        "@material/mwc-base": "^0.12.0",
        "@material/mwc-textfield": "^0.12.0",
        "@material/textfield": "=5.0.0-canary.1c494e567.0",
        "lit-element": "^2.2.1",
        "lit-html": "^1.1.2",
        "tslib": "^1.10.0"
      }
    },
    "@material/mwc-textfield": {
      "version": "0.12.0",
      "resolved": "https://registry.npmjs.org/@material/mwc-textfield/-/mwc-textfield-0.12.0.tgz",
      "integrity": "sha512-99wvaVT0EzsBXntG7UTouyMXs3MOWgCjCph+A6bAavv3EyGGNYMItt9EWBYBWazB1keDQKP8yFrXwXpXlOQH9g==",
      "requires": {
        "@material/floating-label": "=5.0.0-canary.1c494e567.0",
        "@material/line-ripple": "=5.0.0-canary.1c494e567.0",
        "@material/mwc-base": "^0.12.0",
        "@material/mwc-floating-label": "^0.12.0",
        "@material/mwc-icon": "^0.12.0",
        "@material/mwc-line-ripple": "^0.12.0",
        "@material/mwc-notched-outline": "^0.12.0",
        "@material/shape": "=5.0.0-canary.1c494e567.0",
        "@material/textfield": "=5.0.0-canary.1c494e567.0",
        "@material/theme": "=5.0.0-canary.1c494e567.0",
        "lit-element": "^2.2.1",
        "lit-html": "^1.1.2",
        "tslib": "^1.10.0"
      }
    },
    "@material/notched-outline": {
      "version": "5.0.0-canary.1c494e567.0",
      "resolved": "https://registry.npmjs.org/@material/notched-outline/-/notched-outline-5.0.0-canary.1c494e567.0.tgz",
      "integrity": "sha512-rxldd2U8Z/k0KYsFUL0Afh8ZAOJuEEGc3bxh+KcF/T1mf4pFXxe5b/IXfnc6i6A4yEDeqGOAKDH+DLQsOd+Z3A==",
      "requires": {
        "@material/base": "5.0.0-canary.1c494e567.0",
        "@material/floating-label": "5.0.0-canary.1c494e567.0",
        "@material/rtl": "5.0.0-canary.1c494e567.0",
        "@material/shape": "5.0.0-canary.1c494e567.0",
        "@material/theme": "5.0.0-canary.1c494e567.0",
        "tslib": "^1.9.3"
      }
    },
    "@material/ripple": {
      "version": "5.0.0-canary.1c494e567.0",
      "resolved": "https://registry.npmjs.org/@material/ripple/-/ripple-5.0.0-canary.1c494e567.0.tgz",
      "integrity": "sha512-AJZ/eL2dFF6kVa5w6Tl8TiLjoBE1IcA96sZFUPdNJqBM4ddHpHoFejrkJOt7dVxmAIOgHjktUo8+5vHDOAE14w==",
      "requires": {
        "@material/animation": "5.0.0-canary.1c494e567.0",
        "@material/base": "5.0.0-canary.1c494e567.0",
        "@material/dom": "5.0.0-canary.1c494e567.0",
        "@material/feature-targeting": "5.0.0-canary.1c494e567.0",
        "@material/theme": "5.0.0-canary.1c494e567.0",
        "tslib": "^1.9.3"
      }
    },
    "@material/rtl": {
      "version": "5.0.0-canary.1c494e567.0",
      "resolved": "https://registry.npmjs.org/@material/rtl/-/rtl-5.0.0-canary.1c494e567.0.tgz",
      "integrity": "sha512-Xmfp0UWS7MN7IyHDEl0dgn30Gpb/G5B22gwbi/lfrwjt5/gVM8EBUTKR07+a8y54K8pgmapaJUhopOzNs4DpGg=="
    },
    "@material/shape": {
      "version": "5.0.0-canary.1c494e567.0",
      "resolved": "https://registry.npmjs.org/@material/shape/-/shape-5.0.0-canary.1c494e567.0.tgz",
      "integrity": "sha512-WG/C8y/r+PgZ07E6syrVJYY2hjOPg9SypFvMd4LQeKYahMTRuZr4T+CEg9WxR496e51UrrUFtAL8D6oqMLiY2A==",
      "requires": {
        "@material/feature-targeting": "5.0.0-canary.1c494e567.0"
      }
    },
    "@material/textfield": {
      "version": "5.0.0-canary.1c494e567.0",
      "resolved": "https://registry.npmjs.org/@material/textfield/-/textfield-5.0.0-canary.1c494e567.0.tgz",
      "integrity": "sha512-GrFa55VxOm30D/cwmkf+BlNMxqlgNmC4xhAfbwQb18/UiXZPzSx2lagFoxihtI6Lv/oHci2QMOEoBJbUnG49Ug==",
      "requires": {
        "@material/animation": "5.0.0-canary.1c494e567.0",
        "@material/base": "5.0.0-canary.1c494e567.0",
        "@material/density": "5.0.0-canary.1c494e567.0",
        "@material/dom": "5.0.0-canary.1c494e567.0",
        "@material/floating-label": "5.0.0-canary.1c494e567.0",
        "@material/line-ripple": "5.0.0-canary.1c494e567.0",
        "@material/notched-outline": "5.0.0-canary.1c494e567.0",
        "@material/ripple": "5.0.0-canary.1c494e567.0",
        "@material/rtl": "5.0.0-canary.1c494e567.0",
        "@material/shape": "5.0.0-canary.1c494e567.0",
        "@material/theme": "5.0.0-canary.1c494e567.0",
        "@material/typography": "5.0.0-canary.1c494e567.0",
        "tslib": "^1.9.3"
      }
    },
    "@material/theme": {
      "version": "5.0.0-canary.1c494e567.0",
      "resolved": "https://registry.npmjs.org/@material/theme/-/theme-5.0.0-canary.1c494e567.0.tgz",
      "integrity": "sha512-U4u326P7h3r3dz+0y3LlqlBqh2oyhXdpzuhdBuhVBKyW/3cMup+BWMBaNBcx/W9igFKWdkk5Z9AoLguoDpBLqg==",
      "requires": {
        "@material/feature-targeting": "5.0.0-canary.1c494e567.0"
      }
    },
    "@material/touch-target": {
      "version": "5.0.0-canary.1c494e567.0",
      "resolved": "https://registry.npmjs.org/@material/touch-target/-/touch-target-5.0.0-canary.1c494e567.0.tgz",
      "integrity": "sha512-K6he0fCA63ruaR1I19M7PMNJW1m2t50YiX/UUQSJFtGq72WmA6NXu8CEWjuPI8mPXNbl8pMFCnv7UXsLANyvSg==",
      "requires": {
        "@material/feature-targeting": "5.0.0-canary.1c494e567.0"
      }
    },
    "@material/typography": {
      "version": "5.0.0-canary.1c494e567.0",
      "resolved": "https://registry.npmjs.org/@material/typography/-/typography-5.0.0-canary.1c494e567.0.tgz",
      "integrity": "sha512-Mg2nTMokH9Y+5/Omd/jUKV5CHUO6zCVmDKqAOxeFpjsYVMRi2NwrAhplMmKNwipmQFoguP84zN8jhpl3gK6gbw==",
      "requires": {
        "@material/feature-targeting": "5.0.0-canary.1c494e567.0"
      }
    },
    "async": {
      "version": "1.5.2",
      "resolved": "https://registry.npmjs.org/async/-/async-1.5.2.tgz",
      "integrity": "sha1-7GphrlZIDAw8skHJVhjiCJL5Zyo=",
      "dev": true
    },
    "balanced-match": {
      "version": "1.0.0",
      "resolved": "https://registry.npmjs.org/balanced-match/-/balanced-match-1.0.0.tgz",
      "integrity": "sha1-ibTRmasr7kneFk6gK4nORi1xt2c=",
      "dev": true
    },
    "brace-expansion": {
      "version": "1.1.11",
      "resolved": "https://registry.npmjs.org/brace-expansion/-/brace-expansion-1.1.11.tgz",
      "integrity": "sha512-iCuPHDFgrHX7H2vEI/5xpz07zSHB00TpugqhmYtVmMO6518mCuRMoOYFldEBl0g187ufozdaHgWKcYFb61qGiA==",
      "dev": true,
      "requires": {
        "balanced-match": "^1.0.0",
        "concat-map": "0.0.1"
      }
    },
    "clang-format": {
      "version": "1.3.0",
      "resolved": "https://registry.npmjs.org/clang-format/-/clang-format-1.3.0.tgz",
      "integrity": "sha512-Zry9BQsly8stBMDoEa6D91Wi5xkh1Yk9jiULAhoalxppUoeMIoG3yN8mJu2/dyGmc4bqij9GGWFZlYH+qd+EzQ==",
      "dev": true,
      "requires": {
        "async": "^1.5.2",
        "glob": "^7.0.0",
        "resolve": "^1.1.6"
      }
    },
    "concat-map": {
      "version": "0.0.1",
      "resolved": "https://registry.npmjs.org/concat-map/-/concat-map-0.0.1.tgz",
      "integrity": "sha1-2Klr13/Wjfd5OnMDajug1UBdR3s=",
      "dev": true
    },
    "fs.realpath": {
      "version": "1.0.0",
      "resolved": "https://registry.npmjs.org/fs.realpath/-/fs.realpath-1.0.0.tgz",
      "integrity": "sha1-FQStJSMVjKpA20onh8sBQRmU6k8=",
      "dev": true
    },
    "glob": {
      "version": "7.1.6",
      "resolved": "https://registry.npmjs.org/glob/-/glob-7.1.6.tgz",
      "integrity": "sha512-LwaxwyZ72Lk7vZINtNNrywX0ZuLyStrdDtabefZKAY5ZGJhVtgdznluResxNmPitE0SAO+O26sWTHeKSI2wMBA==",
      "dev": true,
      "requires": {
        "fs.realpath": "^1.0.0",
        "inflight": "^1.0.4",
        "inherits": "2",
        "minimatch": "^3.0.4",
        "once": "^1.3.0",
        "path-is-absolute": "^1.0.0"
      }
    },
    "inflight": {
      "version": "1.0.6",
      "resolved": "https://registry.npmjs.org/inflight/-/inflight-1.0.6.tgz",
      "integrity": "sha1-Sb1jMdfQLQwJvJEKEHW6gWW1bfk=",
      "dev": true,
      "requires": {
        "once": "^1.3.0",
        "wrappy": "1"
      }
    },
    "inherits": {
      "version": "2.0.4",
      "resolved": "https://registry.npmjs.org/inherits/-/inherits-2.0.4.tgz",
      "integrity": "sha512-k/vGaX4/Yla3WzyMCvTQOXYeIHvqOKtnqBduzTHpzpQZzAskKMhZ2K+EnBiSM9zGSoIFeMpXKxa4dYeZIQqewQ==",
      "dev": true
    },
    "lit-element": {
      "version": "2.2.1",
      "resolved": "https://registry.npmjs.org/lit-element/-/lit-element-2.2.1.tgz",
      "integrity": "sha512-ipDcgQ1EpW6Va2Z6dWm79jYdimVepO5GL0eYkZrFvdr0OD/1N260Q9DH+K5HXHFrRoC7dOg+ZpED2XE0TgGdXw==",
      "requires": {
        "lit-html": "^1.0.0"
      }
    },
    "lit-html": {
      "version": "1.1.2",
      "resolved": "https://registry.npmjs.org/lit-html/-/lit-html-1.1.2.tgz",
      "integrity": "sha512-FFlUMKHKi+qG1x1iHNZ1hrtc/zHmfYTyrSvs3/wBTvaNtpZjOZGWzU7efGYVpgp6KvWeKF6ql9/KsCq6Z/mEDA=="
    },
    "minimatch": {
      "version": "3.0.4",
      "resolved": "https://registry.npmjs.org/minimatch/-/minimatch-3.0.4.tgz",
      "integrity": "sha512-yJHVQEhyqPLUTgt9B83PXu6W3rx4MvvHvSUvToogpwoGDOUQ+yDrR0HRot+yOCdCO7u4hX3pWft6kWBBcqh0UA==",
      "dev": true,
      "requires": {
        "brace-expansion": "^1.1.7"
      }
    },
    "once": {
      "version": "1.4.0",
      "resolved": "https://registry.npmjs.org/once/-/once-1.4.0.tgz",
      "integrity": "sha1-WDsap3WWHUsROsF9nFC6753Xa9E=",
      "dev": true,
      "requires": {
        "wrappy": "1"
      }
    },
    "path-is-absolute": {
      "version": "1.0.1",
      "resolved": "https://registry.npmjs.org/path-is-absolute/-/path-is-absolute-1.0.1.tgz",
      "integrity": "sha1-F0uSaHNVNP+8es5r9TpanhtcX18=",
      "dev": true
    },
    "path-parse": {
      "version": "1.0.6",
      "resolved": "https://registry.npmjs.org/path-parse/-/path-parse-1.0.6.tgz",
      "integrity": "sha512-GSmOT2EbHrINBf9SR7CDELwlJ8AENk3Qn7OikK4nFYAu3Ote2+JYNVvkpAEQm3/TLNEJFD/xZJjzyxg3KBWOzw==",
      "dev": true
    },
    "resolve": {
      "version": "1.15.0",
      "resolved": "https://registry.npmjs.org/resolve/-/resolve-1.15.0.tgz",
      "integrity": "sha512-+hTmAldEGE80U2wJJDC1lebb5jWqvTYAfm3YZ1ckk1gBr0MnCqUKlwK1e+anaFljIl+F5tR5IoZcm4ZDA1zMQw==",
      "dev": true,
      "requires": {
        "path-parse": "^1.0.6"
      }
    },
    "tslib": {
      "version": "1.10.0",
      "resolved": "https://registry.npmjs.org/tslib/-/tslib-1.10.0.tgz",
      "integrity": "sha512-qOebF53frne81cf0S9B41ByenJ3/IuH8yJKngAX35CmiZySA0khhkovshKK+jGCaMnVomla7gVlIcc3EvKPbTQ=="
    },
    "typescript": {
      "version": "3.7.5",
      "resolved": "https://registry.npmjs.org/typescript/-/typescript-3.7.5.tgz",
      "integrity": "sha512-/P5lkRXkWHNAbcJIiHPfRoKqyd7bsyCma1hZNUGfn20qm64T6ZBlrzprymeu918H+mB/0rIg2gGK/BXkhhYgBw==",
      "dev": true
    },
    "wrappy": {
      "version": "1.0.2",
      "resolved": "https://registry.npmjs.org/wrappy/-/wrappy-1.0.2.tgz",
      "integrity": "sha1-tSQ9jz7BqjXxNkYFvA0QNuMKtp8=",
      "dev": true
    }
  }
}
